Microsoft Visual Studio Solution File, Format Version 12.00
# Visual Studio Version 17
VisualStudioVersion = 17.5.2.0
MinimumVisualStudioVersion = 10.0.40219.1
Project("{2150E333-8FDC-42A3-9474-1A3956D46DE8}") = "src", "src", "{827E0CD3-B72D-47B6-A68D-7590B98EB39B}"
EndProject
Project("{FAE04EC0-301F-11D3-BF4B-00C04F79EFBC}") = "MasonicCalendar.Console", "src\MasonicCalendar.Console\MasonicCalendar.Console.csproj", "{A0266091-D2D5-1C24-106D-14D137F69F79}"
EndProject
Project("{FAE04EC0-301F-11D3-BF4B-00C04F79EFBC}") = "MasonicCalendar.Core", "src\MasonicCalendar.Core\MasonicCalendar.Core.csproj", "{205BC5EE-1915-AF8B-A171-B3A41ED8CCE0}"
EndProject
Project("{FAE04EC0-301F-11D3-BF4B-00C04F79EFBC}") = "MasonicCalendar.Export", "src\MasonicCalendar.Export\MasonicCalendar.Export.csproj", "{784DF85B-0A1E-EB9F-6CB0-C4539CC79528}"
EndProject
Global
	GlobalSection(SolutionConfigurationPlatforms) = preSolution
		Debug|Any CPU = Debug|Any CPU
		Release|Any CPU = Release|Any CPU
	EndGlobalSection
	GlobalSection(ProjectConfigurationPlatforms) = postSolution
		{A0266091-D2D5-1C24-106D-14D137F69F79}.Debug|Any CPU.ActiveCfg = Debug|Any CPU
		{A0266091-D2D5-1C24-106D-14D137F69F79}.Debug|Any CPU.Build.0 = Debug|Any CPU
		{A0266091-D2D5-1C24-106D-14D137F69F79}.Release|Any CPU.ActiveCfg = Release|Any CPU
		{A0266091-D2D5-1C24-106D-14D137F69F79}.Release|Any CPU.Build.0 = Release|Any CPU
		{205BC5EE-1915-AF8B-A171-B3A41ED8CCE0}.Debug|Any CPU.ActiveCfg = Debug|Any CPU
		{205BC5EE-1915-AF8B-A171-B3A41ED8CCE0}.Debug|Any CPU.Build.0 = Debug|Any CPU
		{205BC5EE-1915-AF8B-A171-B3A41ED8CCE0}.Release|Any CPU.ActiveCfg = Release|Any CPU
		{205BC5EE-1915-AF8B-A171-B3A41ED8CCE0}.Release|Any CPU.Build.0 = Release|Any CPU
		{784DF85B-0A1E-EB9F-6CB0-C4539CC79528}.Debug|Any CPU.ActiveCfg = Debug|Any CPU
		{784DF85B-0A1E-EB9F-6CB0-C4539CC79528}.Debug|Any CPU.Build.0 = Debug|Any CPU
		{784DF85B-0A1E-EB9F-6CB0-C4539CC79528}.Release|Any CPU.ActiveCfg = Release|Any CPU
		{784DF85B-0A1E-EB9F-6CB0-C4539CC79528}.Release|Any CPU.Build.0 = Release|Any CPU
	EndGlobalSection
	GlobalSection(SolutionProperties) = preSolution
		HideSolutionNode = FALSE
	EndGlobalSection
	GlobalSection(NestedProjects) = preSolution
		{A0266091-D2D5-1C24-106D-14D137F69F79} = {827E0CD3-B72D-47B6-A68D-7590B98EB39B}
		{205BC5EE-1915-AF8B-A171-B3A41ED8CCE0} = {827E0CD3-B72D-47B6-A68D-7590B98EB39B}
		{784DF85B-0A1E-EB9F-6CB0-C4539CC79528} = {827E0CD3-B72D-47B6-A68D-7590B98EB39B}
	EndGlobalSection
	GlobalSection(ExtensibilityGlobals) = postSolution
		SolutionGuid = {6A687298-E486-4F72-8E73-6CC9BDA3F1ED}
	EndGlobalSection
EndGlobal
